// !$*UTF8*$!
{
	archiveVersion = 1;
	classes = {
	};
	objectVersion = 50;
	objects = {

/* Begin PBXBuildFile section */
		C315FBD221C3594B0022BFFB /* VerificationApprovedNew.swift in Sources */ = {isa = PBXBuildFile; fileRef = C315FBD121C3594B0022BFFB /* VerificationApprovedNew.swift */; };
		C315FBD421C3A7C40022BFFB /* AddBalanceVC.swift in Sources */ = {isa = PBXBuildFile; fileRef = C315FBD321C3A7C40022BFFB /* AddBalanceVC.swift */; };
		C315FBDC21C4531F0022BFFB /* BuyView.swift in Sources */ = {isa = PBXBuildFile; fileRef = C315FBDB21C4531F0022BFFB /* BuyView.swift */; };
		C315FBDE21C4534F0022BFFB /* SellView.swift in Sources */ = {isa = PBXBuildFile; fileRef = C315FBDD21C4534F0022BFFB /* SellView.swift */; };
		C34A484C21B3AD5C00472F67 /* AppDelegate.swift in Sources */ = {isa = PBXBuildFile; fileRef = C34A484B21B3AD5C00472F67 /* AppDelegate.swift */; };
		C34A485321B3AD5C00472F67 /* Main.storyboard in Resources */ = {isa = PBXBuildFile; fileRef = C34A485121B3AD5C00472F67 /* Main.storyboard */; };
		C34A485521B3AD6000472F67 /* Assets.xcassets in Resources */ = {isa = PBXBuildFile; fileRef = C34A485421B3AD6000472F67 /* Assets.xcassets */; };
		C34A485821B3AD6000472F67 /* LaunchScreen.storyboard in Resources */ = {isa = PBXBuildFile; fileRef = C34A485621B3AD6000472F67 /* LaunchScreen.storyboard */; };
		C34A486021B3C03F00472F67 /* ProfileVC.swift in Sources */ = {isa = PBXBuildFile; fileRef = C34A485F21B3C03F00472F67 /* ProfileVC.swift */; };
		C34A486221B3C10500472F67 /* TransferVC.swift in Sources */ = {isa = PBXBuildFile; fileRef = C34A486121B3C10500472F67 /* TransferVC.swift */; };
		C34A486621B3C18800472F67 /* LoginVC.swift in Sources */ = {isa = PBXBuildFile; fileRef = C34A486521B3C18800472F67 /* LoginVC.swift */; };
		C34A486821B3D41300472F67 /* SignUpVC.swift in Sources */ = {isa = PBXBuildFile; fileRef = C34A486721B3D41300472F67 /* SignUpVC.swift */; };
		C34A486A21B3D48100472F67 /* ForgotPasswordVC.swift in Sources */ = {isa = PBXBuildFile; fileRef = C34A486921B3D48100472F67 /* ForgotPasswordVC.swift */; };
		C34A486E21B3DF9C00472F67 /* VerificationApprovedVC.swift in Sources */ = {isa = PBXBuildFile; fileRef = C34A486D21B3DF9C00472F67 /* VerificationApprovedVC.swift */; };
		C34A487B21B4C65F00472F67 /* AppDatabase.swift in Sources */ = {isa = PBXBuildFile; fileRef = C34A487A21B4C65F00472F67 /* AppDatabase.swift */; };
		C34A487D21B4F47800472F67 /* User.swift in Sources */ = {isa = PBXBuildFile; fileRef = C34A487C21B4F47800472F67 /* User.swift */; };
		C34A488921B7B0AF00472F67 /* MyDocsVC.swift in Sources */ = {isa = PBXBuildFile; fileRef = C34A488821B7B0AF00472F67 /* MyDocsVC.swift */; };
		C34A489621B8DD8800472F67 /* TableViewCellVC.swift in Sources */ = {isa = PBXBuildFile; fileRef = C34A489421B8DD8700472F67 /* TableViewCellVC.swift */; };
		C34A489721B8DD8800472F67 /* TableViewCellVC.xib in Resources */ = {isa = PBXBuildFile; fileRef = C34A489521B8DD8800472F67 /* TableViewCellVC.xib */; };
		C34A489921B8E84C00472F67 /* AdminDocDetailVC.swift in Sources */ = {isa = PBXBuildFile; fileRef = C34A489821B8E84C00472F67 /* AdminDocDetailVC.swift */; };
		E241B3CBA85AE069A3C8C024 /* Pods_CurrencyTrading.framework in Frameworks */ = {isa = PBXBuildFile; fileRef = B9383E63EF9B22E9BE774BB3 /* Pods_CurrencyTrading.framework */; };
/* End PBXBuildFile section */

/* Begin PBXFileReference section */
		7DA57651471BACC9D86F0026 /* Pods-CurrencyTrading.debug.xcconfig */ = {isa = PBXFileReference; includeInIndex = 1; lastKnownFileType = text.xcconfig; name = "Pods-CurrencyTrading.debug.xcconfig"; path = "Pods/Target Support Files/Pods-CurrencyTrading/Pods-CurrencyTrading.debug.xcconfig"; sourceTree = "<group>"; };
		AC26A0313F56A864DA8942C0 /* Pods-CurrencyTrading.release.xcconfig */ = {isa = PBXFileReference; includeInIndex = 1; lastKnownFileType = text.xcconfig; name = "Pods-CurrencyTrading.release.xcconfig"; path = "Pods/Target Support Files/Pods-CurrencyTrading/Pods-CurrencyTrading.release.xcconfig"; sourceTree = "<group>"; };
		B9383E63EF9B22E9BE774BB3 /* Pods_CurrencyTrading.framework */ = {isa = PBXFileReference; explicitFileType = wrapper.framework; includeInIndex = 0; path = Pods_CurrencyTrading.framework; sourceTree = BUILT_PRODUCTS_DIR; };
		C315FBD121C3594B0022BFFB /* VerificationApprovedNew.swift */ = {isa = PBXFileReference; lastKnownFileType = sourcecode.swift; path = VerificationApprovedNew.swift; sourceTree = "<group>"; };
		C315FBD321C3A7C40022BFFB /* AddBalanceVC.swift */ = {isa = PBXFileReference; lastKnownFileType = sourcecode.swift; path = AddBalanceVC.swift; sourceTree = "<group>"; };
		C315FBDB21C4531F0022BFFB /* BuyView.swift */ = {isa = PBXFileReference; lastKnownFileType = sourcecode.swift; path = BuyView.swift; sourceTree = "<group>"; };
		C315FBDD21C4534F0022BFFB /* SellView.swift */ = {isa = PBXFileReference; lastKnownFileType = sourcecode.swift; path = SellView.swift; sourceTree = "<group>"; };
		C34A484821B3AD5C00472F67 /* CurrencyTrading.app */ = {isa = PBXFileReference; explicitFileType = wrapper.application; includeInIndex = 0; path = CurrencyTrading.app; sourceTree = BUILT_PRODUCTS_DIR; };
		C34A484B21B3AD5C00472F67 /* AppDelegate.swift */ = {isa = PBXFileReference; lastKnownFileType = sourcecode.swift; path = AppDelegate.swift; sourceTree = "<group>"; };
		C34A485221B3AD5C00472F67 /* Base */ = {isa = PBXFileReference; lastKnownFileType = file.storyboard; name = Base; path = Base.lproj/Main.storyboard; sourceTree = "<group>"; };
		C34A485421B3AD6000472F67 /* Assets.xcassets */ = {isa = PBXFileReference; lastKnownFileType = folder.assetcatalog; path = Assets.xcassets; sourceTree = "<group>"; };
		C34A485721B3AD6000472F67 /* Base */ = {isa = PBXFileReference; lastKnownFileType = file.storyboard; name = Base; path = Base.lproj/LaunchScreen.storyboard; sourceTree = "<group>"; };
		C34A485921B3AD6000472F67 /* Info.plist */ = {isa = PBXFileReference; lastKnownFileType = text.plist.xml; path = Info.plist; sourceTree = "<group>"; };
		C34A485F21B3C03F00472F67 /* ProfileVC.swift */ = {isa = PBXFileReference; lastKnownFileType = sourcecode.swift; path = ProfileVC.swift; sourceTree = "<group>"; };
		C34A486121B3C10500472F67 /* TransferVC.swift */ = {isa = PBXFileReference; lastKnownFileType = sourcecode.swift; path = TransferVC.swift; sourceTree = "<group>"; };
		C34A486521B3C18800472F67 /* LoginVC.swift */ = {isa = PBXFileReference; lastKnownFileType = sourcecode.swift; path = LoginVC.swift; sourceTree = "<group>"; };
		C34A486721B3D41300472F67 /* SignUpVC.swift */ = {isa = PBXFileReference; lastKnownFileType = sourcecode.swift; path = SignUpVC.swift; sourceTree = "<group>"; };
		C34A486921B3D48100472F67 /* ForgotPasswordVC.swift */ = {isa = PBXFileReference; lastKnownFileType = sourcecode.swift; path = ForgotPasswordVC.swift; sourceTree = "<group>"; };
		C34A486D21B3DF9C00472F67 /* VerificationApprovedVC.swift */ = {isa = PBXFileReference; lastKnownFileType = sourcecode.swift; path = VerificationApprovedVC.swift; sourceTree = "<group>"; };
		C34A487A21B4C65F00472F67 /* AppDatabase.swift */ = {isa = PBXFileReference; lastKnownFileType = sourcecode.swift; path = AppDatabase.swift; sourceTree = "<group>"; };
		C34A487C21B4F47800472F67 /* User.swift */ = {isa = PBXFileReference; lastKnownFileType = sourcecode.swift; path = User.swift; sourceTree = "<group>"; };
		C34A488821B7B0AF00472F67 /* MyDocsVC.swift */ = {isa = PBXFileReference; lastKnownFileType = sourcecode.swift; path = MyDocsVC.swift; sourceTree = "<group>"; };
		C34A489421B8DD8700472F67 /* TableViewCellVC.swift */ = {isa = PBXFileReference; lastKnownFileType = sourcecode.swift; path = TableViewCellVC.swift; sourceTree = "<group>"; };
		C34A489521B8DD8800472F67 /* TableViewCellVC.xib */ = {isa = PBXFileReference; lastKnownFileType = file.xib; path = TableViewCellVC.xib; sourceTree = "<group>"; };
		C34A489821B8E84C00472F67 /* AdminDocDetailVC.swift */ = {isa = PBXFileReference; lastKnownFileType = sourcecode.swift; path = AdminDocDetailVC.swift; sourceTree = "<group>"; };
/* End PBXFileReference section */

/* Begin PBXFrameworksBuildPhase section */
		C34A484521B3AD5C00472F67 /* Frameworks */ = {
			isa = PBXFrameworksBuildPhase;
			buildActionMask = 2147483647;
			files = (
				E241B3CBA85AE069A3C8C024 /* Pods_CurrencyTrading.framework in Frameworks */,
			);
			runOnlyForDeploymentPostprocessing = 0;
		};
/* End PBXFrameworksBuildPhase section */

/* Begin PBXGroup section */
		31917E6DA2D2829F2A0B4585 /* Frameworks */ = {
			isa = PBXGroup;
			children = (
				B9383E63EF9B22E9BE774BB3 /* Pods_CurrencyTrading.framework */,
			);
			name = Frameworks;
			sourceTree = "<group>";
		};
		C315FBD621C4511F0022BFFB /* Buy&SellViews */ = {
			isa = PBXGroup;
			children = (
				C315FBDB21C4531F0022BFFB /* BuyView.swift */,
				C315FBDD21C4534F0022BFFB /* SellView.swift */,
			);
			path = "Buy&SellViews";
			sourceTree = "<group>";
		};
		C34A483F21B3AD5C00472F67 = {
			isa = PBXGroup;
			children = (
				C34A484A21B3AD5C00472F67 /* CurrencyTrading */,
				C34A484921B3AD5C00472F67 /* Products */,
				FBA6B5B328B0057BFA435F68 /* Pods */,
				31917E6DA2D2829F2A0B4585 /* Frameworks */,
			);
			sourceTree = "<group>";
		};
		C34A484921B3AD5C00472F67 /* Products */ = {
			isa = PBXGroup;
			children = (
				C34A484821B3AD5C00472F67 /* CurrencyTrading.app */,
			);
			name = Products;
			sourceTree = "<group>";
		};
		C34A484A21B3AD5C00472F67 /* CurrencyTrading */ = {
			isa = PBXGroup;
			children = (
				C315FBD621C4511F0022BFFB /* Buy&SellViews */,
				C34A487921B4C64F00472F67 /* Database */,
				C34A484B21B3AD5C00472F67 /* AppDelegate.swift */,
				C34A485121B3AD5C00472F67 /* Main.storyboard */,
				C34A485421B3AD6000472F67 /* Assets.xcassets */,
				C34A485621B3AD6000472F67 /* LaunchScreen.storyboard */,
				C34A485921B3AD6000472F67 /* Info.plist */,
				C34A485F21B3C03F00472F67 /* ProfileVC.swift */,
				C34A486121B3C10500472F67 /* TransferVC.swift */,
				C34A486521B3C18800472F67 /* LoginVC.swift */,
				C34A486721B3D41300472F67 /* SignUpVC.swift */,
				C34A486921B3D48100472F67 /* ForgotPasswordVC.swift */,
				C34A486D21B3DF9C00472F67 /* VerificationApprovedVC.swift */,
				C34A488821B7B0AF00472F67 /* MyDocsVC.swift */,
				C34A489421B8DD8700472F67 /* TableViewCellVC.swift */,
				C34A489521B8DD8800472F67 /* TableViewCellVC.xib */,
				C34A489821B8E84C00472F67 /* AdminDocDetailVC.swift */,
				C315FBD121C3594B0022BFFB /* VerificationApprovedNew.swift */,
				C315FBD321C3A7C40022BFFB /* AddBalanceVC.swift */,
			);
			path = CurrencyTrading;
			sourceTree = "<group>";
		};
		C34A487921B4C64F00472F67 /* Database */ = {
			isa = PBXGroup;
			children = (
				C34A487A21B4C65F00472F67 /* AppDatabase.swift */,
				C34A487C21B4F47800472F67 /* User.swift */,
			);
			path = Database;
			sourceTree = "<group>";
		};
		FBA6B5B328B0057BFA435F68 /* Pods */ = {
			isa = PBXGroup;
			children = (
				7DA57651471BACC9D86F0026 /* Pods-CurrencyTrading.debug.xcconfig */,
				AC26A0313F56A864DA8942C0 /* Pods-CurrencyTrading.release.xcconfig */,
			);
			name = Pods;
			sourceTree = "<group>";
		};
/* End PBXGroup section */

/* Begin PBXNativeTarget section */
		C34A484721B3AD5C00472F67 /* CurrencyTrading */ = {
			isa = PBXNativeTarget;
			buildConfigurationList = C34A485C21B3AD6000472F67 /* Build configuration list for PBXNativeTarget "CurrencyTrading" */;
			buildPhases = (
				BE1AFE3F999EEE939AB693B9 /* [CP] Check Pods Manifest.lock */,
				C34A484421B3AD5C00472F67 /* Sources */,
				C34A484521B3AD5C00472F67 /* Frameworks */,
				C34A484621B3AD5C00472F67 /* Resources */,
				74E67AA55E2A6C153F7F518B /* [CP] Embed Pods Frameworks */,
			);
			buildRules = (
			);
			dependencies = (
			);
			name = CurrencyTrading;
			productName = CurrencyTrading;
			productReference = C34A484821B3AD5C00472F67 /* CurrencyTrading.app */;
			productType = "com.apple.product-type.application";
		};
/* End PBXNativeTarget section */

/* Begin PBXProject section */
		C34A484021B3AD5C00472F67 /* Project object */ = {
			isa = PBXProject;
			attributes = {
				LastSwiftUpdateCheck = 0940;
				LastUpgradeCheck = 0940;
				ORGANIZATIONNAME = "Pratik Mahajan";
				TargetAttributes = {
					C34A484721B3AD5C00472F67 = {
						CreatedOnToolsVersion = 9.4.1;
					};
				};
			};
			buildConfigurationList = C34A484321B3AD5C00472F67 /* Build configuration list for PBXProject "CurrencyTrading" */;
			compatibilityVersion = "Xcode 9.3";
			developmentRegion = en;
			hasScannedForEncodings = 0;
			knownRegions = (
				en,
				Base,
			);
			mainGroup = C34A483F21B3AD5C00472F67;
			productRefGroup = C34A484921B3AD5C00472F67 /* Products */;
			projectDirPath = "";
			projectRoot = "";
			targets = (
				C34A484721B3AD5C00472F67 /* CurrencyTrading */,
			);
		};
/* End PBXProject section */

/* Begin PBXResourcesBuildPhase section */
		C34A484621B3AD5C00472F67 /* Resources */ = {
			isa = PBXResourcesBuildPhase;
			buildActionMask = 2147483647;
			files = (
				C34A489721B8DD8800472F67 /* TableViewCellVC.xib in Resources */,
				C34A485821B3AD6000472F67 /* LaunchScreen.storyboard in Resources */,
				C34A485521B3AD6000472F67 /* Assets.xcassets in Resources */,
				C34A485321B3AD5C00472F67 /* Main.storyboard in Resources */,
			);
			runOnlyForDeploymentPostprocessing = 0;
		};
/* End PBXResourcesBuildPhase section */

/* Begin PBXShellScriptBuildPhase section */
		74E67AA55E2A6C153F7F518B /* [CP] Embed Pods Frameworks */ = {
			isa = PBXShellScriptBuildPhase;
			buildActionMask = 2147483647;
			files = (
			);
			inputPaths = (
				"${SRCROOT}/Pods/Target Support Files/Pods-CurrencyTrading/Pods-CurrencyTrading-frameworks.sh",
				"${BUILT_PRODUCTS_DIR}/AWSCore/AWSCore.framework",
				"${BUILT_PRODUCTS_DIR}/AWSS3/AWSS3.framework",
				"${BUILT_PRODUCTS_DIR}/GRDB.swift/GRDB.framework",
			);
			name = "[CP] Embed Pods Frameworks";
			outputPaths = (
				"${TARGET_BUILD_DIR}/${FRAMEWORKS_FOLDER_PATH}/AWSCore.framework",
				"${TARGET_BUILD_DIR}/${FRAMEWORKS_FOLDER_PATH}/AWSS3.framework",
				"${TARGET_BUILD_DIR}/${FRAMEWORKS_FOLDER_PATH}/GRDB.framework",
			);
			runOnlyForDeploymentPostprocessing = 0;
			shellPath = /bin/sh;
			shellScript = "\"${SRCROOT}/Pods/Target Support Files/Pods-CurrencyTrading/Pods-CurrencyTrading-frameworks.sh\"\n";
			showEnvVarsInLog = 0;
		};
		BE1AFE3F999EEE939AB693B9 /* [CP] Check Pods Manifest.lock */ = {
			isa = PBXShellScriptBuildPhase;
			buildActionMask = 2147483647;
			files = (
			);
			inputPaths = (
				"${PODS_PODFILE_DIR_PATH}/Podfile.lock",
				"${PODS_ROOT}/Manifest.lock",
			);
			name = "[CP] Check Pods Manifest.lock";
			outputPaths = (
				"$(DERIVED_FILE_DIR)/Pods-CurrencyTrading-checkManifestLockResult.txt",
			);
			runOnlyForDeploymentPostprocessing = 0;
			shellPath = /bin/sh;
			shellScript = "diff \"${PODS_PODFILE_DIR_PATH}/Podfile.lock\" \"${PODS_ROOT}/Manifest.lock\" > /dev/null\nif [ $? != 0 ] ; then\n    # print error to STDERR\n    echo \"error: The sandbox is not in sync with the Podfile.lock. Run 'pod install' or update your CocoaPods installation.\" >&2\n    exit 1\nfi\n# This output is used by Xcode 'outputs' to avoid re-running this script phase.\necho \"SUCCESS\" > \"${SCRIPT_OUTPUT_FILE_0}\"\n";
			showEnvVarsInLog = 0;
		};
/* End PBXShellScriptBuildPhase section */

/* Begin PBXSourcesBuildPhase section */
		C34A484421B3AD5C00472F67 /* Sources */ = {
			isa = PBXSourcesBuildPhase;
			buildActionMask = 2147483647;
			files = (
				C34A486021B3C03F00472F67 /* ProfileVC.swift in Sources */,
				C34A486A21B3D48100472F67 /* ForgotPasswordVC.swift in Sources */,
				C34A486221B3C10500472F67 /* TransferVC.swift in Sources */,
				C34A487B21B4C65F00472F67 /* AppDatabase.swift in Sources */,
				C315FBDE21C4534F0022BFFB /* SellView.swift in Sources */,
				C315FBD421C3A7C40022BFFB /* AddBalanceVC.swift in Sources */,
				C34A486E21B3DF9C00472F67 /* VerificationApprovedVC.swift in Sources */,
				C34A484C21B3AD5C00472F67 /* AppDelegate.swift in Sources */,
				C34A486821B3D41300472F67 /* SignUpVC.swift in Sources */,
				C34A489621B8DD8800472F67 /* TableViewCellVC.swift in Sources */,
				C315FBD221C3594B0022BFFB /* VerificationApprovedNew.swift in Sources */,
				C34A489921B8E84C00472F67 /* AdminDocDetailVC.swift in Sources */,
				C34A486621B3C18800472F67 /* LoginVC.swift in Sources */,
				C34A487D21B4F47800472F67 /* User.swift in Sources */,
				C315FBDC21C4531F0022BFFB /* BuyView.swift in Sources */,
				C34A488921B7B0AF00472F67 /* MyDocsVC.swift in Sources */,
			);
			runOnlyForDeploymentPostprocessing = 0;
		};
/* End PBXSourcesBuildPhase section */

/* Begin PBXVariantGroup section */
		C34A485121B3AD5C00472F67 /* Main.storyboard */ = {
			isa = PBXVariantGroup;
			children = (
				C34A485221B3AD5C00472F67 /* Base */,
			);
			name = Main.storyboard;
			sourceTree = "<group>";
		};
		C34A485621B3AD6000472F67 /* LaunchScreen.storyboard */ = {
			isa = PBXVariantGroup;
			children = (
				C34A485721B3AD6000472F67 /* Base */,
			);
			name = LaunchScreen.storyboard;
			sourceTree = "<group>";
		};
/* End PBXVariantGroup section */

/* Begin XCBuildConfiguration section */
		C34A485A21B3AD6000472F67 /* Debug */ = {
			isa = XCBuildConfiguration;
			buildSettings = {
				ALWAYS_SEARCH_USER_PATHS = NO;
				CLANG_ANALYZER_NONNULL = YES;
				CLANG_ANALYZER_NUMBER_OBJECT_CONVERSION = YES_AGGRESSIVE;
				CLANG_CXX_LANGUAGE_STANDARD = "gnu++14";
				CLANG_CXX_LIBRARY = "libc++";
				CLANG_ENABLE_MODULES = YES;
				CLANG_ENABLE_OBJC_ARC = YES;
				CLANG_ENABLE_OBJC_WEAK = YES;
				CLANG_WARN_BLOCK_CAPTURE_AUTORELEASING = YES;
				CLANG_WARN_BOOL_CONVERSION = YES;
				CLANG_WARN_COMMA = YES;
				CLANG_WARN_CONSTANT_CONVERSION = YES;
				CLANG_WARN_DEPRECATED_OBJC_IMPLEMENTATIONS = YES;
				CLANG_WARN_DIRECT_OBJC_ISA_USAGE = YES_ERROR;
				CLANG_WARN_DOCUMENTATION_COMMENTS = YES;
				CLANG_WARN_EMPTY_BODY = YES;
				CLANG_WARN_ENUM_CONVERSION = YES;
				CLANG_WARN_INFINITE_RECURSION = YES;
				CLANG_WARN_INT_CONVERSION = YES;
				CLANG_WARN_NON_LITERAL_NULL_CONVERSION = YES;
				CLANG_WARN_OBJC_IMPLICIT_RETAIN_SELF = YES;
				CLANG_WARN_OBJC_LITERAL_CONVERSION = YES;
				CLANG_WARN_OBJC_ROOT_CLASS = YES_ERROR;
				CLANG_WARN_RANGE_LOOP_ANALYSIS = YES;
				CLANG_WARN_STRICT_PROTOTYPES = YES;
				CLANG_WARN_SUSPICIOUS_MOVE = YES;
				CLANG_WARN_UNGUARDED_AVAILABILITY = YES_AGGRESSIVE;
				CLANG_WARN_UNREACHABLE_CODE = YES;
				CLANG_WARN__DUPLICATE_METHOD_MATCH = YES;
				CODE_SIGN_IDENTITY = "iPhone Developer";
				COPY_PHASE_STRIP = NO;
				DEBUG_INFORMATION_FORMAT = dwarf;
				ENABLE_STRICT_OBJC_MSGSEND = YES;
				ENABLE_TESTABILITY = YES;
				GCC_C_LANGUAGE_STANDARD = gnu11;
				GCC_DYNAMIC_NO_PIC = NO;
				GCC_NO_COMMON_BLOCKS = YES;
				GCC_OPTIMIZATION_LEVEL = 0;
				GCC_PREPROCESSOR_DEFINITIONS = (
					"DEBUG=1",
					"$(inherited)",
				);
				GCC_WARN_64_TO_32_BIT_CONVERSION = YES;
				GCC_WARN_ABOUT_RETURN_TYPE = YES_ERROR;
				GCC_WARN_UNDECLARED_SELECTOR = YES;
				GCC_WARN_UNINITIALIZED_AUTOS = YES_AGGRESSIVE;
				GCC_WARN_UNUSED_FUNCTION = YES;
				GCC_WARN_UNUSED_VARIABLE = YES;
				IPHONEOS_DEPLOYMENT_TARGET = 11.4;
				MTL_ENABLE_DEBUG_INFO = YES;
				ONLY_ACTIVE_ARCH = YES;
				SDKROOT = iphoneos;
				SWIFT_ACTIVE_COMPILATION_CONDITIONS = DEBUG;
				SWIFT_OPTIMIZATION_LEVEL = "-Onone";
			};
			name = Debug;
		};
		C34A485B21B3AD6000472F67 /* Release */ = {
			isa = XCBuildConfiguration;
			buildSettings = {
				ALWAYS_SEARCH_USER_PATHS = NO;
				CLANG_ANALYZER_NONNULL = YES;
				CLANG_ANALYZER_NUMBER_OBJECT_CONVERSION = YES_AGGRESSIVE;
				CLANG_CXX_LANGUAGE_STANDARD = "gnu++14";
				CLANG_CXX_LIBRARY = "libc++";
				CLANG_ENABLE_MODULES = YES;
				CLANG_ENABLE_OBJC_ARC = YES;
				CLANG_ENABLE_OBJC_WEAK = YES;
				CLANG_WARN_BLOCK_CAPTURE_AUTORELEASING = YES;
				CLANG_WARN_BOOL_CONVERSION = YES;
				CLANG_WARN_COMMA = YES;
				CLANG_WARN_CONSTANT_CONVERSION = YES;
				CLANG_WARN_DEPRECATED_OBJC_IMPLEMENTATIONS = YES;
				CLANG_WARN_DIRECT_OBJC_ISA_USAGE = YES_ERROR;
				CLANG_WARN_DOCUMENTATION_COMMENTS = YES;
				CLANG_WARN_EMPTY_BODY = YES;
				CLANG_WARN_ENUM_CONVERSION = YES;
				CLANG_WARN_INFINITE_RECURSION = YES;
				CLANG_WARN_INT_CONVERSION = YES;
				CLANG_WARN_NON_LITERAL_NULL_CONVERSION = YES;
				CLANG_WARN_OBJC_IMPLICIT_RETAIN_SELF = YES;
				CLANG_WARN_OBJC_LITERAL_CONVERSION = YES;
				CLANG_WARN_OBJC_ROOT_CLASS = YES_ERROR;
				CLANG_WARN_RANGE_LOOP_ANALYSIS = YES;
				CLANG_WARN_STRICT_PROTOTYPES = YES;
				CLANG_WARN_SUSPICIOUS_MOVE = YES;
				CLANG_WARN_UNGUARDED_AVAILABILITY = YES_AGGRESSIVE;
				CLANG_WARN_UNREACHABLE_CODE = YES;
				CLANG_WARN__DUPLICATE_METHOD_MATCH = YES;
				CODE_SIGN_IDENTITY = "iPhone Developer";
				COPY_PHASE_STRIP = NO;
				DEBUG_INFORMATION_FORMAT = "dwarf-with-dsym";
				ENABLE_NS_ASSERTIONS = NO;
				ENABLE_STRICT_OBJC_MSGSEND = YES;
				GCC_C_LANGUAGE_STANDARD = gnu11;
				GCC_NO_COMMON_BLOCKS = YES;
				GCC_WARN_64_TO_32_BIT_CONVERSION = YES;
				GCC_WARN_ABOUT_RETURN_TYPE = YES_ERROR;
				GCC_WARN_UNDECLARED_SELECTOR = YES;
				GCC_WARN_UNINITIALIZED_AUTOS = YES_AGGRESSIVE;
				GCC_WARN_UNUSED_FUNCTION = YES;
				GCC_WARN_UNUSED_VARIABLE = YES;
				IPHONEOS_DEPLOYMENT_TARGET = 11.4;
				MTL_ENABLE_DEBUG_INFO = NO;
				SDKROOT = iphoneos;
				SWIFT_COMPILATION_MODE = wholemodule;
				SWIFT_OPTIMIZATION_LEVEL = "-O";
				VALIDATE_PRODUCT = YES;
			};
			name = Release;
		};
		C34A485D21B3AD6000472F67 /* Debug */ = {
			isa = XCBuildConfiguration;
			baseConfigurationReference = 7DA57651471BACC9D86F0026 /* Pods-CurrencyTrading.debug.xcconfig */;
			buildSettings = {
				ASSETCATALOG_COMPILER_APPICON_NAME = AppIcon;
				CODE_SIGN_STYLE = Automatic;
				INFOPLIST_FILE = CurrencyTrading/Info.plist;
				LD_RUNPATH_SEARCH_PATHS = (
					"$(inherited)",
					"@executable_path/Frameworks",
				);
				PRODUCT_BUNDLE_IDENTIFIER = com.mahajan.CurrencyTrading;
				PRODUCT_NAME = "$(TARGET_NAME)";
				SWIFT_VERSION = 4.0;
				TARGETED_DEVICE_FAMILY = "1,2";
			};
			name = Debug;
		};
		C34A485E21B3AD6000472F67 /* Release */ = {
			isa = XCBuildConfiguration;
			baseConfigurationReference = AC26A0313F56A864DA8942C0 /* Pods-CurrencyTrading.release.xcconfig */;
			buildSettings = {
				ASSETCATALOG_COMPILER_APPICON_NAME = AppIcon;
				CODE_SIGN_STYLE = Automatic;
				INFOPLIST_FILE = CurrencyTrading/Info.plist;
				LD_RUNPATH_SEARCH_PATHS = (
					"$(inherited)",
					"@executable_path/Frameworks",
				);
				PRODUCT_BUNDLE_IDENTIFIER = com.mahajan.CurrencyTrading;
				PRODUCT_NAME = "$(TARGET_NAME)";
				SWIFT_VERSION = 4.0;
				TARGETED_DEVICE_FAMILY = "1,2";
			};
			name = Release;
		};
/* End XCBuildConfiguration section */

/* Begin XCConfigurationList section */
		C34A484321B3AD5C00472F67 /* Build configuration list for PBXProject "CurrencyTrading" */ = {
			isa = XCConfigurationList;
			buildConfigurations = (
				C34A485A21B3AD6000472F67 /* Debug */,
				C34A485B21B3AD6000472F67 /* Release */,
			);
			defaultConfigurationIsVisible = 0;
			defaultConfigurationName = Release;
		};
		C34A485C21B3AD6000472F67 /* Build configuration list for PBXNativeTarget "CurrencyTrading" */ = {
			isa = XCConfigurationList;
			buildConfigurations = (
				C34A485D21B3AD6000472F67 /* Debug */,
				C34A485E21B3AD6000472F67 /* Release */,
			);
			defaultConfigurationIsVisible = 0;
			defaultConfigurationName = Release;
		};
/* End XCConfigurationList section */
	};
	rootObject = C34A484021B3AD5C00472F67 /* Project object */;
}
